
Microsoft Visual Studio Solution File, Format Version 12.00
# Visual Studio Version 17
VisualStudioVersion = 17.7.34024.191
MinimumVisualStudioVersion = 10.0.40219.1
Project("{FAE04EC0-301F-11D3-BF4B-00C04F79EFBC}") = "StudentEnrollPro", "StudentEnrollPro\StudentEnrollPro.csproj", "{0E626849-5E3C-4D3F-BFFA-F451E500EBF4}"
EndProject
Global
	GlobalSection(SolutionConfigurationPlatforms) = preSolution
		Debug|Any CPU = Debug|Any CPU
		Release|Any CPU = Release|Any CPU
	EndGlobalSection
	GlobalSection(ProjectConfigurationPlatforms) = postSolution
		{0E626849-5E3C-4D3F-BFFA-F451E500EBF4}.Debug|Any CPU.ActiveCfg = Debug|Any CPU
		{0E626849-5E3C-4D3F-BFFA-F451E500EBF4}.Debug|Any CPU.Build.0 = Debug|Any CPU
		{0E626849-5E3C-4D3F-BFFA-F451E500EBF4}.Release|Any CPU.ActiveCfg = Release|Any CPU
		{0E626849-5E3C-4D3F-BFFA-F451E500EBF4}.Release|Any CPU.Build.0 = Release|Any CPU
	EndGlobalSection
	GlobalSection(SolutionProperties) = preSolution
		HideSolutionNode = FALSE
	EndGlobalSection
	GlobalSection(ExtensibilityGlobals) = postSolution
		SolutionGuid = {54E3E031-CDA3-4289-8DF2-C30D682BD8C6}
	EndGlobalSection
EndGlobal
